{
  "version": 4,
  "terraform_version": "1.4.6",
  "serial": 32,
  "lineage": "888172ca-a22c-2c40-cc60-7ff722a5195e",
  "outputs": {},
  "resources": [
    {
      "mode": "data",
      "type": "newrelic_application",
      "name": "app_name",
      "provider": "provider[\"registry.terraform.io/newrelic/newrelic\"]",
      "instances": [
        {
          "schema_version": 0,
          "attributes": {
            "host_ids": [],
            "id": "1086076448",
            "instance_ids": [],
            "name": "FoodMe"
          },
          "sensitive_attributes": []
        }
      ]
    },
    {
      "mode": "managed",
      "type": "newrelic_alert_condition",
      "name": "alert_condition_foodme",
      "provider": "provider[\"registry.terraform.io/newrelic/newrelic\"]",
      "instances": [
        {
          "schema_version": 0,
          "attributes": {
            "condition_scope": "application",
            "enabled": true,
            "entities": [
              1086076448
            ],
            "entity_guid": "MzgyNjg3NHxBSU9QU3xDT05ESVRJT058MzIyNTYyMDk",
            "gc_metric": "",
            "id": "4355812:32256209",
            "metric": "throughput_web",
            "name": "My FoodMe Alert Condition",
            "policy_id": 4355812,
            "runbook_url": "",
            "term": [
              {
                "duration": 5,
                "operator": "below",
                "priority": "critical",
                "threshold": 0.75,
                "time_function": "all"
              }
            ],
            "type": "apm_app_metric",
            "user_defined_metric": "",
            "user_defined_value_function": "",
            "violation_close_timer": 0
          },
          "sensitive_attributes": [],
          "private": "bnVsbA==",
          "dependencies": [
            "data.newrelic_application.app_name",
            "newrelic_alert_policy.my_second_alert_policy_name"
          ]
        }
      ]
    },
    {
      "mode": "managed",
      "type": "newrelic_alert_condition",
      "name": "alert_condition_two",
      "provider": "provider[\"registry.terraform.io/newrelic/newrelic\"]",
      "instances": [
        {
          "schema_version": 0,
          "attributes": {
            "condition_scope": "application",
            "enabled": true,
            "entities": [
              1086076448
            ],
            "entity_guid": "MzgyNjg3NHxBSU9QU3xDT05ESVRJT058MzIyNDk5NDM",
            "gc_metric": "",
            "id": "4355089:32249943",
            "metric": "error_percentage",
            "name": "My FoodMe Alert Condition Two",
            "policy_id": 4355089,
            "runbook_url": "",
            "term": [
              {
                "duration": 7,
                "operator": "above",
                "priority": "critical",
                "threshold": 0.75,
                "time_function": "all"
              }
            ],
            "type": "apm_app_metric",
            "user_defined_metric": "",
            "user_defined_value_function": "",
            "violation_close_timer": 0
          },
          "sensitive_attributes": [],
          "private": "bnVsbA==",
          "dependencies": [
            "data.newrelic_application.app_name",
            "newrelic_alert_policy.my_alert_policy_name"
          ]
        }
      ]
    },
    {
      "mode": "managed",
      "type": "newrelic_alert_policy",
      "name": "my_alert_policy_name",
      "provider": "provider[\"registry.terraform.io/newrelic/newrelic\"]",
      "instances": [
        {
          "schema_version": 0,
          "attributes": {
            "account_id": 3826874,
            "channel_ids": null,
            "id": "4355089",
            "incident_preference": "PER_POLICY",
            "name": "My FoodMe Alert Policy"
          },
          "sensitive_attributes": [],
          "private": "bnVsbA=="
        }
      ]
    },
    {
      "mode": "managed",
      "type": "newrelic_alert_policy",
      "name": "my_second_alert_policy_name",
      "provider": "provider[\"registry.terraform.io/newrelic/newrelic\"]",
      "instances": [
        {
          "schema_version": 0,
          "attributes": {
            "account_id": 3826874,
            "channel_ids": null,
            "id": "4355812",
            "incident_preference": "PER_POLICY",
            "name": "My FoodMe Second Alert Policy"
          },
          "sensitive_attributes": [],
          "private": "bnVsbA=="
        }
      ]
    },
    {
      "mode": "managed",
      "type": "newrelic_notification_channel",
      "name": "email",
      "provider": "provider[\"registry.terraform.io/newrelic/newrelic\"]",
      "instances": [
        {
          "schema_version": 0,
          "attributes": {
            "account_id": 3826874,
            "active": true,
            "destination_id": "cb4745be-2b1c-423d-8fa5-f8a4b5d4ef05",
            "id": "46128810-f855-45aa-a7c5-2033b4e208f9",
            "name": "email-example",
            "product": "IINT",
            "property": [
              {
                "display_value": "",
                "key": "source",
                "label": "terraform-source-internal",
                "value": "terraform"
              },
              {
                "display_value": "",
                "key": "subject",
                "label": "",
                "value": "New Subject Title"
              }
            ],
            "status": "DEFAULT",
            "type": "EMAIL"
          },
          "sensitive_attributes": [],
          "private": "bnVsbA==",
          "dependencies": [
            "newrelic_notification_destination.email"
          ]
        }
      ]
    },
    {
      "mode": "managed",
      "type": "newrelic_notification_channel",
      "name": "email2",
      "provider": "provider[\"registry.terraform.io/newrelic/newrelic\"]",
      "instances": [
        {
          "schema_version": 0,
          "attributes": {
            "account_id": 3826874,
            "active": true,
            "destination_id": "822769ae-bb5a-40f5-91c0-9d95baea8c81",
            "id": "15dc72bd-1c8e-4ddf-8d2a-22b4731696e1",
            "name": "email-example2",
            "product": "IINT",
            "property": [
              {
                "display_value": "",
                "key": "source",
                "label": "terraform-source-internal",
                "value": "terraform"
              },
              {
                "display_value": "",
                "key": "subject",
                "label": "",
                "value": "New Subject Title"
              }
            ],
            "status": "DEFAULT",
            "type": "EMAIL"
          },
          "sensitive_attributes": [],
          "private": "bnVsbA==",
          "dependencies": [
            "newrelic_notification_destination.email2"
          ]
        }
      ]
    },
    {
      "mode": "managed",
      "type": "newrelic_notification_destination",
      "name": "email",
      "provider": "provider[\"registry.terraform.io/newrelic/newrelic\"]",
      "instances": [
        {
          "schema_version": 1,
          "attributes": {
            "account_id": 3826874,
            "active": true,
            "auth_basic": [],
            "auth_token": [],
            "id": "cb4745be-2b1c-423d-8fa5-f8a4b5d4ef05",
            "last_sent": "",
            "name": "email-example",
            "property": [
              {
                "display_value": "",
                "key": "email",
                "label": "",
                "value": "abiya@litmus7.com"
              },
              {
                "display_value": "",
                "key": "source",
                "label": "terraform-source-internal",
                "value": "terraform"
              }
            ],
            "status": "DEFAULT",
            "type": "EMAIL"
          },
          "sensitive_attributes": [],
          "private": "eyJzY2hlbWFfdmVyc2lvbiI6IjEifQ=="
        }
      ]
    },
    {
      "mode": "managed",
      "type": "newrelic_notification_destination",
      "name": "email2",
      "provider": "provider[\"registry.terraform.io/newrelic/newrelic\"]",
      "instances": [
        {
          "schema_version": 1,
          "attributes": {
            "account_id": 3826874,
            "active": true,
            "auth_basic": [],
            "auth_token": [],
            "id": "822769ae-bb5a-40f5-91c0-9d95baea8c81",
            "last_sent": "",
            "name": "email-example2",
            "property": [
              {
                "display_value": "",
                "key": "email",
                "label": "",
                "value": "aparna@litmus7.com"
              },
              {
                "display_value": "",
                "key": "source",
                "label": "terraform-source-internal",
                "value": "terraform"
              }
            ],
            "status": "DEFAULT",
            "type": "EMAIL"
          },
          "sensitive_attributes": [],
          "private": "eyJzY2hlbWFfdmVyc2lvbiI6IjEifQ=="
        }
      ]
    },
    {
      "mode": "managed",
      "type": "newrelic_workflow",
      "name": "next_workflow",
      "provider": "provider[\"registry.terraform.io/newrelic/newrelic\"]",
      "instances": [
        {
          "schema_version": 1,
          "attributes": {
            "account_id": 3826874,
            "destination": [
              {
                "channel_id": "15dc72bd-1c8e-4ddf-8d2a-22b4731696e1",
                "name": "email-example2",
                "notification_triggers": [],
                "type": "EMAIL"
              }
            ],
            "destinations_enabled": true,
            "enabled": true,
            "enrichments": [],
            "enrichments_enabled": true,
            "guid": "MzgyNjg3NHxBSU9QU3xXT1JLRkxPV3wzN2ZjZDRhYS1lY2MxLTQ0YTMtODBmYi01YTY5ZTY2NjNlZDQ",
            "id": "37fcd4aa-ecc1-44a3-80fb-5a69e6663ed4",
            "issues_filter": [
              {
                "filter_id": "8da544ac-bed4-41c9-9ee9-35513908b973",
                "name": "Filter-name",
                "predicate": [
                  {
                    "attribute": "labels.policyIds",
                    "operator": "EXACTLY_MATCHES",
                    "values": [
                      "4355812"
                    ]
                  }
                ],
                "type": "FILTER"
              }
            ],
            "last_run": "",
            "muting_rules_handling": "NOTIFY_ALL_ISSUES",
            "name": "next_workflow",
            "workflow_id": "37fcd4aa-ecc1-44a3-80fb-5a69e6663ed4"
          },
          "sensitive_attributes": [],
          "private": "eyJzY2hlbWFfdmVyc2lvbiI6IjEifQ==",
          "dependencies": [
            "newrelic_alert_policy.my_second_alert_policy_name",
            "newrelic_notification_channel.email2"
          ]
        }
      ]
    },
    {
      "mode": "managed",
      "type": "newrelic_workflow",
      "name": "workflow-example",
      "provider": "provider[\"registry.terraform.io/newrelic/newrelic\"]",
      "instances": [
        {
          "schema_version": 1,
          "attributes": {
            "account_id": 3826874,
            "destination": [
              {
                "channel_id": "46128810-f855-45aa-a7c5-2033b4e208f9",
                "name": "email-example",
                "notification_triggers": [],
                "type": "EMAIL"
              }
            ],
            "destinations_enabled": true,
            "enabled": true,
            "enrichments": [],
            "enrichments_enabled": true,
            "guid": "MzgyNjg3NHxBSU9QU3xXT1JLRkxPV3xlNDhiMDdjZS05Nzc1LTQwNjgtOTBlOC01YmM4OWNmMmJiYTk",
            "id": "e48b07ce-9775-4068-90e8-5bc89cf2bba9",
            "issues_filter": [
              {
                "filter_id": "3950c44f-0ab2-4096-89e9-cbca84b0f8df",
                "name": "Filter-name",
                "predicate": [
                  {
                    "attribute": "labels.policyIds",
                    "operator": "EXACTLY_MATCHES",
                    "values": [
                      "4355089"
                    ]
                  }
                ],
                "type": "FILTER"
              }
            ],
            "last_run": "",
            "muting_rules_handling": "NOTIFY_ALL_ISSUES",
            "name": "workflow-example",
            "workflow_id": "e48b07ce-9775-4068-90e8-5bc89cf2bba9"
          },
          "sensitive_attributes": [],
          "private": "eyJzY2hlbWFfdmVyc2lvbiI6IjEifQ==",
          "dependencies": [
            "newrelic_alert_policy.my_alert_policy_name",
            "newrelic_notification_channel.email",
            "newrelic_notification_destination.email"
          ]
        }
      ]
    }
  ],
  "check_results": null
}
